
Microsoft Visual Studio Solution File, Format Version 12.00
# Visual Studio 15
VisualStudioVersion = 15.0.27428.2015
MinimumVisualStudioVersion = 10.0.40219.1
Project("{FAE04EC0-301F-11D3-BF4B-00C04F79EFBC}") = "OrleansServer", "OrleansServer\OrleansServer.csproj", "{5660E5B2-0971-49F1-8E9B-1D4B81DE530E}"
EndProject
Project("{FAE04EC0-301F-11D3-BF4B-00C04F79EFBC}") = "MyOrleansInterface", "MyOrleansInterface\MyOrleansInterface.csproj", "{251C7FBC-FC7C-403F-872F-2CE6A4DEA08A}"
EndProject
Global
	GlobalSection(SolutionConfigurationPlatforms) = preSolution
		Debug|Any CPU = Debug|Any CPU
		Release|Any CPU = Release|Any CPU
	EndGlobalSection
	GlobalSection(ProjectConfigurationPlatforms) = postSolution
		{5660E5B2-0971-49F1-8E9B-1D4B81DE530E}.Debug|Any CPU.ActiveCfg = Debug|Any CPU
		{5660E5B2-0971-49F1-8E9B-1D4B81DE530E}.Debug|Any CPU.Build.0 = Debug|Any CPU
		{5660E5B2-0971-49F1-8E9B-1D4B81DE530E}.Release|Any CPU.ActiveCfg = Release|Any CPU
		{5660E5B2-0971-49F1-8E9B-1D4B81DE530E}.Release|Any CPU.Build.0 = Release|Any CPU
		{251C7FBC-FC7C-403F-872F-2CE6A4DEA08A}.Debug|Any CPU.ActiveCfg = Debug|Any CPU
		{251C7FBC-FC7C-403F-872F-2CE6A4DEA08A}.Debug|Any CPU.Build.0 = Debug|Any CPU
		{251C7FBC-FC7C-403F-872F-2CE6A4DEA08A}.Release|Any CPU.ActiveCfg = Release|Any CPU
		{251C7FBC-FC7C-403F-872F-2CE6A4DEA08A}.Release|Any CPU.Build.0 = Release|Any CPU
	EndGlobalSection
	GlobalSection(SolutionProperties) = preSolution
		HideSolutionNode = FALSE
	EndGlobalSection
	GlobalSection(ExtensibilityGlobals) = postSolution
		SolutionGuid = {2713EE2A-EB05-4768-9EE7-F832395C6141}
	EndGlobalSection
EndGlobal
